// !$*UTF8*$!
{
	archiveVersion = 1;
	classes = {
	};
	objectVersion = 50;
	objects = {

/* Begin PBXBuildFile section */
		78107CB326C8071E009D8BDD /* GitRepository_appTests.swift in Sources */ = {isa = PBXBuildFile; fileRef = 78107CB226C8071E009D8BDD /* GitRepository_appTests.swift */; };
		781C352D26C56BDD00DDE8AA /* SearchItemCell.swift in Sources */ = {isa = PBXBuildFile; fileRef = 781C352C26C56BDD00DDE8AA /* SearchItemCell.swift */; };
		782018BA26C573340096AC40 /* HomeConstants.swift in Sources */ = {isa = PBXBuildFile; fileRef = 782018B926C573340096AC40 /* HomeConstants.swift */; };
		782018BF26C579FE0096AC40 /* NoDataEmptyView.swift in Sources */ = {isa = PBXBuildFile; fileRef = 782018BE26C579FE0096AC40 /* NoDataEmptyView.swift */; };
		782018C426C57EA20096AC40 /* ErrorView.swift in Sources */ = {isa = PBXBuildFile; fileRef = 782018C326C57EA20096AC40 /* ErrorView.swift */; };
		782018CC26C62C840096AC40 /* License.swift in Sources */ = {isa = PBXBuildFile; fileRef = 782018CB26C62C840096AC40 /* License.swift */; };
		782018D426C649A80096AC40 /* Formatter+Extensions.swift in Sources */ = {isa = PBXBuildFile; fileRef = 782018D326C649A80096AC40 /* Formatter+Extensions.swift */; };
		782018D926C649F00096AC40 /* AppConstants.swift in Sources */ = {isa = PBXBuildFile; fileRef = 782018D826C649F00096AC40 /* AppConstants.swift */; };
		7821265726C80C0D0093C084 /* HomeView_appUITests.swift in Sources */ = {isa = PBXBuildFile; fileRef = 7821265626C80C0D0093C084 /* HomeView_appUITests.swift */; };
		785A784126C55A950097FD28 /* Owner.swift in Sources */ = {isa = PBXBuildFile; fileRef = 785A784026C55A950097FD28 /* Owner.swift */; };
		7861F72126E1F376004148DA /* Localizable.strings in Resources */ = {isa = PBXBuildFile; fileRef = 7861F72426E1F376004148DA /* Localizable.strings */; };
		7861F72226E1F376004148DA /* Localizable.strings in Resources */ = {isa = PBXBuildFile; fileRef = 7861F72426E1F376004148DA /* Localizable.strings */; };
		7870A0CD26C4D7E0003C0EB8 /* LauncherView.swift in Sources */ = {isa = PBXBuildFile; fileRef = 7870A0CC26C4D7E0003C0EB8 /* LauncherView.swift */; };
		7870A0CF26C4D7E0003C0EB8 /* HomeView.swift in Sources */ = {isa = PBXBuildFile; fileRef = 7870A0CE26C4D7E0003C0EB8 /* HomeView.swift */; };
		7870A0D426C4D7E1003C0EB8 /* Preview Assets.xcassets in Resources */ = {isa = PBXBuildFile; fileRef = 7870A0D326C4D7E1003C0EB8 /* Preview Assets.xcassets */; };
		7870A0DF26C4D7E1003C0EB8 /* github_repo_search_iOS_appTests.swift in Sources */ = {isa = PBXBuildFile; fileRef = 7870A0DE26C4D7E1003C0EB8 /* github_repo_search_iOS_appTests.swift */; };
		7870A0EA26C4D7E1003C0EB8 /* github_repo_search_iOS_appUITests.swift in Sources */ = {isa = PBXBuildFile; fileRef = 7870A0E926C4D7E1003C0EB8 /* github_repo_search_iOS_appUITests.swift */; };
		7870A12626C4E3BE003C0EB8 /* Assets.xcassets in Resources */ = {isa = PBXBuildFile; fileRef = 7870A12526C4E3BE003C0EB8 /* Assets.xcassets */; };
		7870A15126C4E722003C0EB8 /* AppSearchBar.swift in Sources */ = {isa = PBXBuildFile; fileRef = 7870A15026C4E722003C0EB8 /* AppSearchBar.swift */; };
		7870A15726C4E7F1003C0EB8 /* Color+Extensions.swift in Sources */ = {isa = PBXBuildFile; fileRef = 7870A15626C4E7F1003C0EB8 /* Color+Extensions.swift */; };
		7870A18226C4F7A5003C0EB8 /* ApiClient.swift in Sources */ = {isa = PBXBuildFile; fileRef = 7870A18126C4F7A5003C0EB8 /* ApiClient.swift */; };
		7870A18A26C4F7F0003C0EB8 /* ApiResponseError.swift in Sources */ = {isa = PBXBuildFile; fileRef = 7870A18926C4F7F0003C0EB8 /* ApiResponseError.swift */; };
		7870A18F26C4F81C003C0EB8 /* Data+Extensions.swift in Sources */ = {isa = PBXBuildFile; fileRef = 7870A18E26C4F81C003C0EB8 /* Data+Extensions.swift */; };
		7870A19426C4F859003C0EB8 /* GithubRepository.swift in Sources */ = {isa = PBXBuildFile; fileRef = 7870A19326C4F859003C0EB8 /* GithubRepository.swift */; };
		7870A1BD26C4F96D003C0EB8 /* GithubAPI.swift in Sources */ = {isa = PBXBuildFile; fileRef = 7870A1BC26C4F96D003C0EB8 /* GithubAPI.swift */; };
		7870A1C826C505EA003C0EB8 /* SearchRepoRequest.swift in Sources */ = {isa = PBXBuildFile; fileRef = 7870A1C726C505EA003C0EB8 /* SearchRepoRequest.swift */; };
		7870A1D026C50634003C0EB8 /* ApiRequest.swift in Sources */ = {isa = PBXBuildFile; fileRef = 7870A1CF26C50634003C0EB8 /* ApiRequest.swift */; };
		7870A1D526C5093B003C0EB8 /* SearchItemResponse.swift in Sources */ = {isa = PBXBuildFile; fileRef = 7870A1D426C5093B003C0EB8 /* SearchItemResponse.swift */; };
		7870A1DA26C50998003C0EB8 /* ApiResponse.swift in Sources */ = {isa = PBXBuildFile; fileRef = 7870A1D926C50998003C0EB8 /* ApiResponse.swift */; };
		7870A1E226C50AEB003C0EB8 /* SearchItem.swift in Sources */ = {isa = PBXBuildFile; fileRef = 7870A1E126C50AEB003C0EB8 /* SearchItem.swift */; };
		7870A1E726C51760003C0EB8 /* HomeViewModel.swift in Sources */ = {isa = PBXBuildFile; fileRef = 7870A1E626C51760003C0EB8 /* HomeViewModel.swift */; };
		78DBC68C26CA090D00056550 /* LaunchScreen.storyboard in Resources */ = {isa = PBXBuildFile; fileRef = 78DBC68B26CA090D00056550 /* LaunchScreen.storyboard */; };
		78DBC69126CA094600056550 /* SceneDelegate.swift in Sources */ = {isa = PBXBuildFile; fileRef = 78DBC69026CA094600056550 /* SceneDelegate.swift */; };
		78DBC69626CA097300056550 /* AppDelegate.swift in Sources */ = {isa = PBXBuildFile; fileRef = 78DBC69526CA097300056550 /* AppDelegate.swift */; };
		78DBC6A826CA296900056550 /* Font+Extensions.swift in Sources */ = {isa = PBXBuildFile; fileRef = 78DBC6A726CA296900056550 /* Font+Extensions.swift */; };
		78DBC6AE26CA2B1700056550 /* SearchItemDetailsView.swift in Sources */ = {isa = PBXBuildFile; fileRef = 78DBC6AD26CA2B1700056550 /* SearchItemDetailsView.swift */; };
		78F7370A26C952320096F1D2 /* AppProgressView.swift in Sources */ = {isa = PBXBuildFile; fileRef = 78F7370926C952320096F1D2 /* AppProgressView.swift */; };
		78F7371726C967150096F1D2 /* SplashView.swift in Sources */ = {isa = PBXBuildFile; fileRef = 78F7371626C967150096F1D2 /* SplashView.swift */; };
		78F7371C26C9691E0096F1D2 /* SplashConstants.swift in Sources */ = {isa = PBXBuildFile; fileRef = 78F7371B26C9691E0096F1D2 /* SplashConstants.swift */; };
/* End PBXBuildFile section */

/* Begin PBXContainerItemProxy section */
		7870A0DB26C4D7E1003C0EB8 /* PBXContainerItemProxy */ = {
			isa = PBXContainerItemProxy;
			containerPortal = 7870A0C126C4D7E0003C0EB8 /* Project object */;
			proxyType = 1;
			remoteGlobalIDString = 7870A0C826C4D7E0003C0EB8;
			remoteInfo = github_repo_search_iOS_app;
		};
		7870A0E626C4D7E1003C0EB8 /* PBXContainerItemProxy */ = {
			isa = PBXContainerItemProxy;
			containerPortal = 7870A0C126C4D7E0003C0EB8 /* Project object */;
			proxyType = 1;
			remoteGlobalIDString = 7870A0C826C4D7E0003C0EB8;
			remoteInfo = github_repo_search_iOS_app;
		};
/* End PBXContainerItemProxy section */

/* Begin PBXFileReference section */
		78107CB226C8071E009D8BDD /* GitRepository_appTests.swift */ = {isa = PBXFileReference; lastKnownFileType = sourcecode.swift; path = GitRepository_appTests.swift; sourceTree = "<group>"; };
		781C352C26C56BDD00DDE8AA /* SearchItemCell.swift */ = {isa = PBXFileReference; lastKnownFileType = sourcecode.swift; path = SearchItemCell.swift; sourceTree = "<group>"; };
		782018B926C573340096AC40 /* HomeConstants.swift */ = {isa = PBXFileReference; lastKnownFileType = sourcecode.swift; path = HomeConstants.swift; sourceTree = "<group>"; };
		782018BE26C579FE0096AC40 /* NoDataEmptyView.swift */ = {isa = PBXFileReference; lastKnownFileType = sourcecode.swift; path = NoDataEmptyView.swift; sourceTree = "<group>"; };
		782018C326C57EA20096AC40 /* ErrorView.swift */ = {isa = PBXFileReference; lastKnownFileType = sourcecode.swift; path = ErrorView.swift; sourceTree = "<group>"; };
		782018CB26C62C840096AC40 /* License.swift */ = {isa = PBXFileReference; lastKnownFileType = sourcecode.swift; path = License.swift; sourceTree = "<group>"; };
		782018D326C649A80096AC40 /* Formatter+Extensions.swift */ = {isa = PBXFileReference; lastKnownFileType = sourcecode.swift; path = "Formatter+Extensions.swift"; sourceTree = "<group>"; };
		782018D826C649F00096AC40 /* AppConstants.swift */ = {isa = PBXFileReference; lastKnownFileType = sourcecode.swift; path = AppConstants.swift; sourceTree = "<group>"; };
		7821265626C80C0D0093C084 /* HomeView_appUITests.swift */ = {isa = PBXFileReference; lastKnownFileType = sourcecode.swift; path = HomeView_appUITests.swift; sourceTree = "<group>"; };
		785A784026C55A950097FD28 /* Owner.swift */ = {isa = PBXFileReference; lastKnownFileType = sourcecode.swift; path = Owner.swift; sourceTree = "<group>"; };
		7861F72326E1F376004148DA /* en */ = {isa = PBXFileReference; lastKnownFileType = text.plist.strings; name = en; path = en.lproj/Localizable.strings; sourceTree = "<group>"; };
		7861F72826E1F3AE004148DA /* ja */ = {isa = PBXFileReference; lastKnownFileType = text.plist.strings; name = ja; path = ja.lproj/Localizable.strings; sourceTree = "<group>"; };
		7870A0C926C4D7E0003C0EB8 /* github_repo_search_iOS_app.app */ = {isa = PBXFileReference; explicitFileType = wrapper.application; includeInIndex = 0; path = github_repo_search_iOS_app.app; sourceTree = BUILT_PRODUCTS_DIR; };
		7870A0CC26C4D7E0003C0EB8 /* LauncherView.swift */ = {isa = PBXFileReference; lastKnownFileType = sourcecode.swift; path = LauncherView.swift; sourceTree = "<group>"; };
		7870A0CE26C4D7E0003C0EB8 /* HomeView.swift */ = {isa = PBXFileReference; lastKnownFileType = sourcecode.swift; path = HomeView.swift; sourceTree = "<group>"; };
		7870A0D326C4D7E1003C0EB8 /* Preview Assets.xcassets */ = {isa = PBXFileReference; lastKnownFileType = folder.assetcatalog; path = "Preview Assets.xcassets"; sourceTree = "<group>"; };
		7870A0D526C4D7E1003C0EB8 /* Info.plist */ = {isa = PBXFileReference; lastKnownFileType = text.plist.xml; path = Info.plist; sourceTree = "<group>"; };
		7870A0DA26C4D7E1003C0EB8 /* github_repo_search_iOS_appTests.xctest */ = {isa = PBXFileReference; explicitFileType = wrapper.cfbundle; includeInIndex = 0; path = github_repo_search_iOS_appTests.xctest; sourceTree = BUILT_PRODUCTS_DIR; };
		7870A0DE26C4D7E1003C0EB8 /* github_repo_search_iOS_appTests.swift */ = {isa = PBXFileReference; lastKnownFileType = sourcecode.swift; path = github_repo_search_iOS_appTests.swift; sourceTree = "<group>"; };
		7870A0E026C4D7E1003C0EB8 /* Info.plist */ = {isa = PBXFileReference; lastKnownFileType = text.plist.xml; path = Info.plist; sourceTree = "<group>"; };
		7870A0E526C4D7E1003C0EB8 /* github_repo_search_iOS_appUITests.xctest */ = {isa = PBXFileReference; explicitFileType = wrapper.cfbundle; includeInIndex = 0; path = github_repo_search_iOS_appUITests.xctest; sourceTree = BUILT_PRODUCTS_DIR; };
		7870A0E926C4D7E1003C0EB8 /* github_repo_search_iOS_appUITests.swift */ = {isa = PBXFileReference; lastKnownFileType = sourcecode.swift; path = github_repo_search_iOS_appUITests.swift; sourceTree = "<group>"; };
		7870A0EB26C4D7E1003C0EB8 /* Info.plist */ = {isa = PBXFileReference; lastKnownFileType = text.plist.xml; path = Info.plist; sourceTree = "<group>"; };
		7870A12526C4E3BE003C0EB8 /* Assets.xcassets */ = {isa = PBXFileReference; lastKnownFileType = folder.assetcatalog; path = Assets.xcassets; sourceTree = "<group>"; };
		7870A15026C4E722003C0EB8 /* AppSearchBar.swift */ = {isa = PBXFileReference; fileEncoding = 4; lastKnownFileType = sourcecode.swift; path = AppSearchBar.swift; sourceTree = "<group>"; };
		7870A15626C4E7F1003C0EB8 /* Color+Extensions.swift */ = {isa = PBXFileReference; lastKnownFileType = sourcecode.swift; path = "Color+Extensions.swift"; sourceTree = "<group>"; };
		7870A18126C4F7A5003C0EB8 /* ApiClient.swift */ = {isa = PBXFileReference; lastKnownFileType = sourcecode.swift; path = ApiClient.swift; sourceTree = "<group>"; };
		7870A18926C4F7F0003C0EB8 /* ApiResponseError.swift */ = {isa = PBXFileReference; lastKnownFileType = sourcecode.swift; path = ApiResponseError.swift; sourceTree = "<group>"; };
		7870A18E26C4F81C003C0EB8 /* Data+Extensions.swift */ = {isa = PBXFileReference; lastKnownFileType = sourcecode.swift; path = "Data+Extensions.swift"; sourceTree = "<group>"; };
		7870A19326C4F859003C0EB8 /* GithubRepository.swift */ = {isa = PBXFileReference; lastKnownFileType = sourcecode.swift; path = GithubRepository.swift; sourceTree = "<group>"; };
		7870A1BC26C4F96D003C0EB8 /* GithubAPI.swift */ = {isa = PBXFileReference; lastKnownFileType = sourcecode.swift; path = GithubAPI.swift; sourceTree = "<group>"; };
		7870A1C726C505EA003C0EB8 /* SearchRepoRequest.swift */ = {isa = PBXFileReference; lastKnownFileType = sourcecode.swift; path = SearchRepoRequest.swift; sourceTree = "<group>"; };
		7870A1CF26C50634003C0EB8 /* ApiRequest.swift */ = {isa = PBXFileReference; fileEncoding = 4; lastKnownFileType = sourcecode.swift; path = ApiRequest.swift; sourceTree = "<group>"; };
		7870A1D426C5093B003C0EB8 /* SearchItemResponse.swift */ = {isa = PBXFileReference; lastKnownFileType = sourcecode.swift; path = SearchItemResponse.swift; sourceTree = "<group>"; };
		7870A1D926C50998003C0EB8 /* ApiResponse.swift */ = {isa = PBXFileReference; lastKnownFileType = sourcecode.swift; path = ApiResponse.swift; sourceTree = "<group>"; };
		7870A1E126C50AEB003C0EB8 /* SearchItem.swift */ = {isa = PBXFileReference; lastKnownFileType = sourcecode.swift; path = SearchItem.swift; sourceTree = "<group>"; };
		7870A1E626C51760003C0EB8 /* HomeViewModel.swift */ = {isa = PBXFileReference; lastKnownFileType = sourcecode.swift; path = HomeViewModel.swift; sourceTree = "<group>"; };
		78DBC68B26CA090D00056550 /* LaunchScreen.storyboard */ = {isa = PBXFileReference; lastKnownFileType = file.storyboard; path = LaunchScreen.storyboard; sourceTree = "<group>"; };
		78DBC69026CA094600056550 /* SceneDelegate.swift */ = {isa = PBXFileReference; lastKnownFileType = sourcecode.swift; path = SceneDelegate.swift; sourceTree = "<group>"; };
		78DBC69526CA097300056550 /* AppDelegate.swift */ = {isa = PBXFileReference; lastKnownFileType = sourcecode.swift; path = AppDelegate.swift; sourceTree = "<group>"; };
		78DBC6A726CA296900056550 /* Font+Extensions.swift */ = {isa = PBXFileReference; lastKnownFileType = sourcecode.swift; path = "Font+Extensions.swift"; sourceTree = "<group>"; };
		78DBC6AD26CA2B1700056550 /* SearchItemDetailsView.swift */ = {isa = PBXFileReference; lastKnownFileType = sourcecode.swift; path = SearchItemDetailsView.swift; sourceTree = "<group>"; };
		78F7370926C952320096F1D2 /* AppProgressView.swift */ = {isa = PBXFileReference; lastKnownFileType = sourcecode.swift; path = AppProgressView.swift; sourceTree = "<group>"; };
		78F7371626C967150096F1D2 /* SplashView.swift */ = {isa = PBXFileReference; lastKnownFileType = sourcecode.swift; path = SplashView.swift; sourceTree = "<group>"; };
		78F7371B26C9691E0096F1D2 /* SplashConstants.swift */ = {isa = PBXFileReference; lastKnownFileType = sourcecode.swift; path = SplashConstants.swift; sourceTree = "<group>"; };
/* End PBXFileReference section */

/* Begin PBXFrameworksBuildPhase section */
		7870A0C626C4D7E0003C0EB8 /* Frameworks */ = {
			isa = PBXFrameworksBuildPhase;
			buildActionMask = 2147483647;
			files = (
			);
			runOnlyForDeploymentPostprocessing = 0;
		};
		7870A0D726C4D7E1003C0EB8 /* Frameworks */ = {
			isa = PBXFrameworksBuildPhase;
			buildActionMask = 2147483647;
			files = (
			);
			runOnlyForDeploymentPostprocessing = 0;
		};
		7870A0E226C4D7E1003C0EB8 /* Frameworks */ = {
			isa = PBXFrameworksBuildPhase;
			buildActionMask = 2147483647;
			files = (
			);
			runOnlyForDeploymentPostprocessing = 0;
		};
/* End PBXFrameworksBuildPhase section */

/* Begin PBXGroup section */
		78107CAE26C806EA009D8BDD /* App */ = {
			isa = PBXGroup;
			children = (
				78107CAF26C806F1009D8BDD /* Data */,
			);
			path = App;
			sourceTree = "<group>";
		};
		78107CAF26C806F1009D8BDD /* Data */ = {
			isa = PBXGroup;
			children = (
				78107CB026C806F5009D8BDD /* Network */,
			);
			path = Data;
			sourceTree = "<group>";
		};
		78107CB026C806F5009D8BDD /* Network */ = {
			isa = PBXGroup;
			children = (
				78107CB126C806FC009D8BDD /* Repository */,
			);
			path = Network;
			sourceTree = "<group>";
		};
		78107CB126C806FC009D8BDD /* Repository */ = {
			isa = PBXGroup;
			children = (
				78107CB226C8071E009D8BDD /* GitRepository_appTests.swift */,
			);
			path = Repository;
			sourceTree = "<group>";
		};
		7821264026C80B810093C084 /* App */ = {
			isa = PBXGroup;
			children = (
				7821264126C80B870093C084 /* Home */,
			);
			path = App;
			sourceTree = "<group>";
		};
		7821264126C80B870093C084 /* Home */ = {
			isa = PBXGroup;
			children = (
				7821264226C80B8C0093C084 /* View */,
			);
			path = Home;
			sourceTree = "<group>";
		};
		7821264226C80B8C0093C084 /* View */ = {
			isa = PBXGroup;
			children = (
				7821265626C80C0D0093C084 /* HomeView_appUITests.swift */,
			);
			path = View;
			sourceTree = "<group>";
		};
		7870A0C026C4D7E0003C0EB8 = {
			isa = PBXGroup;
			children = (
				7870A0CB26C4D7E0003C0EB8 /* github_repo_search_iOS_app */,
				7870A0DD26C4D7E1003C0EB8 /* github_repo_search_iOS_appTests */,
				7870A0E826C4D7E1003C0EB8 /* github_repo_search_iOS_appUITests */,
				7870A0CA26C4D7E0003C0EB8 /* Products */,
			);
			sourceTree = "<group>";
		};
		7870A0CA26C4D7E0003C0EB8 /* Products */ = {
			isa = PBXGroup;
			children = (
				7870A0C926C4D7E0003C0EB8 /* github_repo_search_iOS_app.app */,
				7870A0DA26C4D7E1003C0EB8 /* github_repo_search_iOS_appTests.xctest */,
				7870A0E526C4D7E1003C0EB8 /* github_repo_search_iOS_appUITests.xctest */,
			);
			name = Products;
			sourceTree = "<group>";
		};
		7870A0CB26C4D7E0003C0EB8 /* github_repo_search_iOS_app */ = {
			isa = PBXGroup;
			children = (
				7870A10326C4E15E003C0EB8 /* App */,
				7870A10C26C4E23D003C0EB8 /* AppConfig */,
				7870A0D226C4D7E1003C0EB8 /* Preview Content */,
			);
			path = github_repo_search_iOS_app;
			sourceTree = "<group>";
		};
		7870A0D226C4D7E1003C0EB8 /* Preview Content */ = {
			isa = PBXGroup;
			children = (
				7870A0D326C4D7E1003C0EB8 /* Preview Assets.xcassets */,
			);
			path = "Preview Content";
			sourceTree = "<group>";
		};
		7870A0DD26C4D7E1003C0EB8 /* github_repo_search_iOS_appTests */ = {
			isa = PBXGroup;
			children = (
				78107CAE26C806EA009D8BDD /* App */,
				7870A0DE26C4D7E1003C0EB8 /* github_repo_search_iOS_appTests.swift */,
				7870A0E026C4D7E1003C0EB8 /* Info.plist */,
			);
			path = github_repo_search_iOS_appTests;
			sourceTree = "<group>";
		};
		7870A0E826C4D7E1003C0EB8 /* github_repo_search_iOS_appUITests */ = {
			isa = PBXGroup;
			children = (
				7821264026C80B810093C084 /* App */,
				7870A0E926C4D7E1003C0EB8 /* github_repo_search_iOS_appUITests.swift */,
				7870A0EB26C4D7E1003C0EB8 /* Info.plist */,
			);
			path = github_repo_search_iOS_appUITests;
			sourceTree = "<group>";
		};
		7870A10326C4E15E003C0EB8 /* App */ = {
			isa = PBXGroup;
			children = (
				78F7371126C966650096F1D2 /* UI */,
				7870A14E26C4E70D003C0EB8 /* Util */,
				7870A14926C4E681003C0EB8 /* Data */,
				7870A10726C4E1B3003C0EB8 /* Resource */,
			);
			path = App;
			sourceTree = "<group>";
		};
		7870A10726C4E1B3003C0EB8 /* Resource */ = {
			isa = PBXGroup;
			children = (
				7870A12526C4E3BE003C0EB8 /* Assets.xcassets */,
				7861F72426E1F376004148DA /* Localizable.strings */,
			);
			path = Resource;
			sourceTree = "<group>";
		};
		7870A10826C4E220003C0EB8 /* Home */ = {
			isa = PBXGroup;
			children = (
				7870A1EF26C51771003C0EB8 /* View */,
				7870A1EB26C51766003C0EB8 /* ViewModel */,
				782018B926C573340096AC40 /* HomeConstants.swift */,
			);
			path = Home;
			sourceTree = "<group>";
		};
		7870A10C26C4E23D003C0EB8 /* AppConfig */ = {
			isa = PBXGroup;
			children = (
				78DBC68A26CA08E100056550 /* Launch */,
				7870A0CC26C4D7E0003C0EB8 /* LauncherView.swift */,
				7870A0D526C4D7E1003C0EB8 /* Info.plist */,
			);
			path = AppConfig;
			sourceTree = "<group>";
		};
		7870A14926C4E681003C0EB8 /* Data */ = {
			isa = PBXGroup;
			children = (
				7870A14A26C4E68F003C0EB8 /* Network */,
			);
			path = Data;
			sourceTree = "<group>";
		};
		7870A14A26C4E68F003C0EB8 /* Network */ = {
			isa = PBXGroup;
			children = (
				7870A1C626C505AE003C0EB8 /* Response */,
				7870A1C526C505A9003C0EB8 /* Request */,
				7870A18026C4F75C003C0EB8 /* Model */,
				7870A17F26C4F754003C0EB8 /* Repository */,
				7870A17E26C4F74D003C0EB8 /* API */,
			);
			path = Network;
			sourceTree = "<group>";
		};
		7870A14E26C4E70D003C0EB8 /* Util */ = {
			isa = PBXGroup;
			children = (
				7870A15526C4E776003C0EB8 /* Extension */,
				7870A14F26C4E715003C0EB8 /* CommonView */,
				782018D826C649F00096AC40 /* AppConstants.swift */,
			);
			path = Util;
			sourceTree = "<group>";
		};
		7870A14F26C4E715003C0EB8 /* CommonView */ = {
			isa = PBXGroup;
			children = (
				7870A15026C4E722003C0EB8 /* AppSearchBar.swift */,
				782018BE26C579FE0096AC40 /* NoDataEmptyView.swift */,
				782018C326C57EA20096AC40 /* ErrorView.swift */,
				78F7370926C952320096F1D2 /* AppProgressView.swift */,
			);
			path = CommonView;
			sourceTree = "<group>";
		};
		7870A15526C4E776003C0EB8 /* Extension */ = {
			isa = PBXGroup;
			children = (
				7870A15626C4E7F1003C0EB8 /* Color+Extensions.swift */,
				7870A18E26C4F81C003C0EB8 /* Data+Extensions.swift */,
				782018D326C649A80096AC40 /* Formatter+Extensions.swift */,
				78DBC6A726CA296900056550 /* Font+Extensions.swift */,
			);
			path = Extension;
			sourceTree = "<group>";
		};
		7870A17E26C4F74D003C0EB8 /* API */ = {
			isa = PBXGroup;
			children = (
				7870A1CF26C50634003C0EB8 /* ApiRequest.swift */,
				7870A18126C4F7A5003C0EB8 /* ApiClient.swift */,
				7870A18926C4F7F0003C0EB8 /* ApiResponseError.swift */,
				7870A1BC26C4F96D003C0EB8 /* GithubAPI.swift */,
				7870A1D926C50998003C0EB8 /* ApiResponse.swift */,
			);
			path = API;
			sourceTree = "<group>";
		};
		7870A17F26C4F754003C0EB8 /* Repository */ = {
			isa = PBXGroup;
			children = (
				7870A19326C4F859003C0EB8 /* GithubRepository.swift */,
			);
			path = Repository;
			sourceTree = "<group>";
		};
		7870A18026C4F75C003C0EB8 /* Model */ = {
			isa = PBXGroup;
			children = (
				7870A1E126C50AEB003C0EB8 /* SearchItem.swift */,
				785A784026C55A950097FD28 /* Owner.swift */,
				782018CB26C62C840096AC40 /* License.swift */,
			);
			path = Model;
			sourceTree = "<group>";
		};
		7870A1C526C505A9003C0EB8 /* Request */ = {
			isa = PBXGroup;
			children = (
				7870A1C726C505EA003C0EB8 /* SearchRepoRequest.swift */,
			);
			path = Request;
			sourceTree = "<group>";
		};
		7870A1C626C505AE003C0EB8 /* Response */ = {
			isa = PBXGroup;
			children = (
				7870A1D426C5093B003C0EB8 /* SearchItemResponse.swift */,
			);
			path = Response;
			sourceTree = "<group>";
		};
		7870A1EB26C51766003C0EB8 /* ViewModel */ = {
			isa = PBXGroup;
			children = (
				7870A1E626C51760003C0EB8 /* HomeViewModel.swift */,
			);
			path = ViewModel;
			sourceTree = "<group>";
		};
		7870A1EF26C51771003C0EB8 /* View */ = {
			isa = PBXGroup;
			children = (
				7870A1F026C5177B003C0EB8 /* Cell */,
				7870A0CE26C4D7E0003C0EB8 /* HomeView.swift */,
			);
			path = View;
			sourceTree = "<group>";
		};
		7870A1F026C5177B003C0EB8 /* Cell */ = {
			isa = PBXGroup;
			children = (
				781C352C26C56BDD00DDE8AA /* SearchItemCell.swift */,
			);
			path = Cell;
			sourceTree = "<group>";
		};
		78DBC68A26CA08E100056550 /* Launch */ = {
			isa = PBXGroup;
			children = (
				78DBC68B26CA090D00056550 /* LaunchScreen.storyboard */,
				78DBC69026CA094600056550 /* SceneDelegate.swift */,
				78DBC69526CA097300056550 /* AppDelegate.swift */,
			);
			path = Launch;
			sourceTree = "<group>";
		};
		78DBC6AC26CA2AFF00056550 /* SearchItemDetails */ = {
			isa = PBXGroup;
			children = (
				78DBC6AD26CA2B1700056550 /* SearchItemDetailsView.swift */,
			);
			path = SearchItemDetails;
			sourceTree = "<group>";
		};
		78F7371126C966650096F1D2 /* UI */ = {
			isa = PBXGroup;
			children = (
				78F7371526C967080096F1D2 /* Splash */,
				7870A10826C4E220003C0EB8 /* Home */,
				78DBC6AC26CA2AFF00056550 /* SearchItemDetails */,
			);
			path = UI;
			sourceTree = "<group>";
		};
		78F7371526C967080096F1D2 /* Splash */ = {
			isa = PBXGroup;
			children = (
				78F7371626C967150096F1D2 /* SplashView.swift */,
				78F7371B26C9691E0096F1D2 /* SplashConstants.swift */,
			);
			path = Splash;
			sourceTree = "<group>";
		};
/* End PBXGroup section */

/* Begin PBXNativeTarget section */
		7870A0C826C4D7E0003C0EB8 /* github_repo_search_iOS_app */ = {
			isa = PBXNativeTarget;
			buildConfigurationList = 7870A0EE26C4D7E1003C0EB8 /* Build configuration list for PBXNativeTarget "github_repo_search_iOS_app" */;
			buildPhases = (
				7870A0C526C4D7E0003C0EB8 /* Sources */,
				7870A0C626C4D7E0003C0EB8 /* Frameworks */,
				7870A0C726C4D7E0003C0EB8 /* Resources */,
			);
			buildRules = (
			);
			dependencies = (
			);
			name = github_repo_search_iOS_app;
			productName = github_repo_search_iOS_app;
			productReference = 7870A0C926C4D7E0003C0EB8 /* github_repo_search_iOS_app.app */;
			productType = "com.apple.product-type.application";
		};
		7870A0D926C4D7E1003C0EB8 /* github_repo_search_iOS_appTests */ = {
			isa = PBXNativeTarget;
			buildConfigurationList = 7870A0F126C4D7E1003C0EB8 /* Build configuration list for PBXNativeTarget "github_repo_search_iOS_appTests" */;
			buildPhases = (
				7870A0D626C4D7E1003C0EB8 /* Sources */,
				7870A0D726C4D7E1003C0EB8 /* Frameworks */,
				7870A0D826C4D7E1003C0EB8 /* Resources */,
			);
			buildRules = (
			);
			dependencies = (
				7870A0DC26C4D7E1003C0EB8 /* PBXTargetDependency */,
			);
			name = github_repo_search_iOS_appTests;
			productName = github_repo_search_iOS_appTests;
			productReference = 7870A0DA26C4D7E1003C0EB8 /* github_repo_search_iOS_appTests.xctest */;
			productType = "com.apple.product-type.bundle.unit-test";
		};
		7870A0E426C4D7E1003C0EB8 /* github_repo_search_iOS_appUITests */ = {
			isa = PBXNativeTarget;
			buildConfigurationList = 7870A0F426C4D7E1003C0EB8 /* Build configuration list for PBXNativeTarget "github_repo_search_iOS_appUITests" */;
			buildPhases = (
				7870A0E126C4D7E1003C0EB8 /* Sources */,
				7870A0E226C4D7E1003C0EB8 /* Frameworks */,
				7870A0E326C4D7E1003C0EB8 /* Resources */,
			);
			buildRules = (
			);
			dependencies = (
				7870A0E726C4D7E1003C0EB8 /* PBXTargetDependency */,
			);
			name = github_repo_search_iOS_appUITests;
			productName = github_repo_search_iOS_appUITests;
			productReference = 7870A0E526C4D7E1003C0EB8 /* github_repo_search_iOS_appUITests.xctest */;
			productType = "com.apple.product-type.bundle.ui-testing";
		};
/* End PBXNativeTarget section */

/* Begin PBXProject section */
		7870A0C126C4D7E0003C0EB8 /* Project object */ = {
			isa = PBXProject;
			attributes = {
				LastSwiftUpdateCheck = 1230;
				LastUpgradeCheck = 1230;
				TargetAttributes = {
					7870A0C826C4D7E0003C0EB8 = {
						CreatedOnToolsVersion = 12.3;
					};
					7870A0D926C4D7E1003C0EB8 = {
						CreatedOnToolsVersion = 12.3;
						TestTargetID = 7870A0C826C4D7E0003C0EB8;
					};
					7870A0E426C4D7E1003C0EB8 = {
						CreatedOnToolsVersion = 12.3;
						TestTargetID = 7870A0C826C4D7E0003C0EB8;
					};
				};
			};
			buildConfigurationList = 7870A0C426C4D7E0003C0EB8 /* Build configuration list for PBXProject "github_repo_search_iOS_app" */;
			compatibilityVersion = "Xcode 9.3";
			developmentRegion = en;
			hasScannedForEncodings = 0;
			knownRegions = (
				en,
				ja,
			);
			mainGroup = 7870A0C026C4D7E0003C0EB8;
			productRefGroup = 7870A0CA26C4D7E0003C0EB8 /* Products */;
			projectDirPath = "";
			projectRoot = "";
			targets = (
				7870A0C826C4D7E0003C0EB8 /* github_repo_search_iOS_app */,
				7870A0D926C4D7E1003C0EB8 /* github_repo_search_iOS_appTests */,
				7870A0E426C4D7E1003C0EB8 /* github_repo_search_iOS_appUITests */,
			);
		};
/* End PBXProject section */

/* Begin PBXResourcesBuildPhase section */
		7870A0C726C4D7E0003C0EB8 /* Resources */ = {
			isa = PBXResourcesBuildPhase;
			buildActionMask = 2147483647;
			files = (
				7870A12626C4E3BE003C0EB8 /* Assets.xcassets in Resources */,
				7861F72126E1F376004148DA /* Localizable.strings in Resources */,
				78DBC68C26CA090D00056550 /* LaunchScreen.storyboard in Resources */,
				7870A0D426C4D7E1003C0EB8 /* Preview Assets.xcassets in Resources */,
			);
			runOnlyForDeploymentPostprocessing = 0;
		};
		7870A0D826C4D7E1003C0EB8 /* Resources */ = {
			isa = PBXResourcesBuildPhase;
			buildActionMask = 2147483647;
			files = (
			);
			runOnlyForDeploymentPostprocessing = 0;
		};
		7870A0E326C4D7E1003C0EB8 /* Resources */ = {
			isa = PBXResourcesBuildPhase;
			buildActionMask = 2147483647;
			files = (
				7861F72226E1F376004148DA /* Localizable.strings in Resources */,
			);
			runOnlyForDeploymentPostprocessing = 0;
		};
/* End PBXResourcesBuildPhase section */

/* Begin PBXSourcesBuildPhase section */
		7870A0C526C4D7E0003C0EB8 /* Sources */ = {
			isa = PBXSourcesBuildPhase;
			buildActionMask = 2147483647;
			files = (
				7870A1C826C505EA003C0EB8 /* SearchRepoRequest.swift in Sources */,
				78F7370A26C952320096F1D2 /* AppProgressView.swift in Sources */,
				7870A0CF26C4D7E0003C0EB8 /* HomeView.swift in Sources */,
				78F7371C26C9691E0096F1D2 /* SplashConstants.swift in Sources */,
				78DBC69626CA097300056550 /* AppDelegate.swift in Sources */,
				7870A18F26C4F81C003C0EB8 /* Data+Extensions.swift in Sources */,
				7870A0CD26C4D7E0003C0EB8 /* LauncherView.swift in Sources */,
				78DBC6AE26CA2B1700056550 /* SearchItemDetailsView.swift in Sources */,
				782018CC26C62C840096AC40 /* License.swift in Sources */,
				7870A15126C4E722003C0EB8 /* AppSearchBar.swift in Sources */,
				782018D426C649A80096AC40 /* Formatter+Extensions.swift in Sources */,
				7870A1DA26C50998003C0EB8 /* ApiResponse.swift in Sources */,
				7870A1D526C5093B003C0EB8 /* SearchItemResponse.swift in Sources */,
				78DBC6A826CA296900056550 /* Font+Extensions.swift in Sources */,
				782018BA26C573340096AC40 /* HomeConstants.swift in Sources */,
				7870A19426C4F859003C0EB8 /* GithubRepository.swift in Sources */,
				7870A18226C4F7A5003C0EB8 /* ApiClient.swift in Sources */,
				78DBC69126CA094600056550 /* SceneDelegate.swift in Sources */,
				7870A18A26C4F7F0003C0EB8 /* ApiResponseError.swift in Sources */,
				7870A1BD26C4F96D003C0EB8 /* GithubAPI.swift in Sources */,
				781C352D26C56BDD00DDE8AA /* SearchItemCell.swift in Sources */,
				7870A1D026C50634003C0EB8 /* ApiRequest.swift in Sources */,
				7870A1E226C50AEB003C0EB8 /* SearchItem.swift in Sources */,
				785A784126C55A950097FD28 /* Owner.swift in Sources */,
				782018D926C649F00096AC40 /* AppConstants.swift in Sources */,
				78F7371726C967150096F1D2 /* SplashView.swift in Sources */,
				7870A1E726C51760003C0EB8 /* HomeViewModel.swift in Sources */,
				782018BF26C579FE0096AC40 /* NoDataEmptyView.swift in Sources */,
				7870A15726C4E7F1003C0EB8 /* Color+Extensions.swift in Sources */,
				782018C426C57EA20096AC40 /* ErrorView.swift in Sources */,
			);
			runOnlyForDeploymentPostprocessing = 0;
		};
		7870A0D626C4D7E1003C0EB8 /* Sources */ = {
			isa = PBXSourcesBuildPhase;
			buildActionMask = 2147483647;
			files = (
				78107CB326C8071E009D8BDD /* GitRepository_appTests.swift in Sources */,
				7870A0DF26C4D7E1003C0EB8 /* github_repo_search_iOS_appTests.swift in Sources */,
			);
			runOnlyForDeploymentPostprocessing = 0;
		};
		7870A0E126C4D7E1003C0EB8 /* Sources */ = {
			isa = PBXSourcesBuildPhase;
			buildActionMask = 2147483647;
			files = (
				7870A0EA26C4D7E1003C0EB8 /* github_repo_search_iOS_appUITests.swift in Sources */,
				7821265726C80C0D0093C084 /* HomeView_appUITests.swift in Sources */,
			);
			runOnlyForDeploymentPostprocessing = 0;
		};
/* End PBXSourcesBuildPhase section */

/* Begin PBXTargetDependency section */
		7870A0DC26C4D7E1003C0EB8 /* PBXTargetDependency */ = {
			isa = PBXTargetDependency;
			target = 7870A0C826C4D7E0003C0EB8 /* github_repo_search_iOS_app */;
			targetProxy = 7870A0DB26C4D7E1003C0EB8 /* PBXContainerItemProxy */;
		};
		7870A0E726C4D7E1003C0EB8 /* PBXTargetDependency */ = {
			isa = PBXTargetDependency;
			target = 7870A0C826C4D7E0003C0EB8 /* github_repo_search_iOS_app */;
			targetProxy = 7870A0E626C4D7E1003C0EB8 /* PBXContainerItemProxy */;
		};
/* End PBXTargetDependency section */

/* Begin PBXVariantGroup section */
		7861F72426E1F376004148DA /* Localizable.strings */ = {
			isa = PBXVariantGroup;
			children = (
				7861F72326E1F376004148DA /* en */,
				7861F72826E1F3AE004148DA /* ja */,
			);
			name = Localizable.strings;
			sourceTree = "<group>";
		};
/* End PBXVariantGroup section */

/* Begin XCBuildConfiguration section */
		7870A0EC26C4D7E1003C0EB8 /* Debug */ = {
			isa = XCBuildConfiguration;
			buildSettings = {
				ALWAYS_SEARCH_USER_PATHS = NO;
				CLANG_ANALYZER_NONNULL = YES;
				CLANG_ANALYZER_NUMBER_OBJECT_CONVERSION = YES_AGGRESSIVE;
				CLANG_CXX_LANGUAGE_STANDARD = "gnu++14";
				CLANG_CXX_LIBRARY = "libc++";
				CLANG_ENABLE_MODULES = YES;
				CLANG_ENABLE_OBJC_ARC = YES;
				CLANG_ENABLE_OBJC_WEAK = YES;
				CLANG_WARN_BLOCK_CAPTURE_AUTORELEASING = YES;
				CLANG_WARN_BOOL_CONVERSION = YES;
				CLANG_WARN_COMMA = YES;
				CLANG_WARN_CONSTANT_CONVERSION = YES;
				CLANG_WARN_DEPRECATED_OBJC_IMPLEMENTATIONS = YES;
				CLANG_WARN_DIRECT_OBJC_ISA_USAGE = YES_ERROR;
				CLANG_WARN_DOCUMENTATION_COMMENTS = YES;
				CLANG_WARN_EMPTY_BODY = YES;
				CLANG_WARN_ENUM_CONVERSION = YES;
				CLANG_WARN_INFINITE_RECURSION = YES;
				CLANG_WARN_INT_CONVERSION = YES;
				CLANG_WARN_NON_LITERAL_NULL_CONVERSION = YES;
				CLANG_WARN_OBJC_IMPLICIT_RETAIN_SELF = YES;
				CLANG_WARN_OBJC_LITERAL_CONVERSION = YES;
				CLANG_WARN_OBJC_ROOT_CLASS = YES_ERROR;
				CLANG_WARN_QUOTED_INCLUDE_IN_FRAMEWORK_HEADER = YES;
				CLANG_WARN_RANGE_LOOP_ANALYSIS = YES;
				CLANG_WARN_STRICT_PROTOTYPES = YES;
				CLANG_WARN_SUSPICIOUS_MOVE = YES;
				CLANG_WARN_UNGUARDED_AVAILABILITY = YES_AGGRESSIVE;
				CLANG_WARN_UNREACHABLE_CODE = YES;
				CLANG_WARN__DUPLICATE_METHOD_MATCH = YES;
				COPY_PHASE_STRIP = NO;
				DEBUG_INFORMATION_FORMAT = dwarf;
				ENABLE_STRICT_OBJC_MSGSEND = YES;
				ENABLE_TESTABILITY = YES;
				GCC_C_LANGUAGE_STANDARD = gnu11;
				GCC_DYNAMIC_NO_PIC = NO;
				GCC_NO_COMMON_BLOCKS = YES;
				GCC_OPTIMIZATION_LEVEL = 0;
				GCC_PREPROCESSOR_DEFINITIONS = "$(inherited)";
				GCC_WARN_64_TO_32_BIT_CONVERSION = YES;
				GCC_WARN_ABOUT_RETURN_TYPE = YES_ERROR;
				GCC_WARN_UNDECLARED_SELECTOR = YES;
				GCC_WARN_UNINITIALIZED_AUTOS = YES_AGGRESSIVE;
				GCC_WARN_UNUSED_FUNCTION = YES;
				GCC_WARN_UNUSED_VARIABLE = YES;
				IPHONEOS_DEPLOYMENT_TARGET = 13.0;
				MTL_ENABLE_DEBUG_INFO = INCLUDE_SOURCE;
				MTL_FAST_MATH = YES;
				ONLY_ACTIVE_ARCH = YES;
				SDKROOT = iphoneos;
				SWIFT_ACTIVE_COMPILATION_CONDITIONS = DEBUG;
				SWIFT_OPTIMIZATION_LEVEL = "-Onone";
				SWIFT_VERSION = 4.0;
			};
			name = Debug;
		};
		7870A0ED26C4D7E1003C0EB8 /* Release */ = {
			isa = XCBuildConfiguration;
			buildSettings = {
				ALWAYS_SEARCH_USER_PATHS = NO;
				CLANG_ANALYZER_NONNULL = YES;
				CLANG_ANALYZER_NUMBER_OBJECT_CONVERSION = YES_AGGRESSIVE;
				CLANG_CXX_LANGUAGE_STANDARD = "gnu++14";
				CLANG_CXX_LIBRARY = "libc++";
				CLANG_ENABLE_MODULES = YES;
				CLANG_ENABLE_OBJC_ARC = YES;
				CLANG_ENABLE_OBJC_WEAK = YES;
				CLANG_WARN_BLOCK_CAPTURE_AUTORELEASING = YES;
				CLANG_WARN_BOOL_CONVERSION = YES;
				CLANG_WARN_COMMA = YES;
				CLANG_WARN_CONSTANT_CONVERSION = YES;
				CLANG_WARN_DEPRECATED_OBJC_IMPLEMENTATIONS = YES;
				CLANG_WARN_DIRECT_OBJC_ISA_USAGE = YES_ERROR;
				CLANG_WARN_DOCUMENTATION_COMMENTS = YES;
				CLANG_WARN_EMPTY_BODY = YES;
				CLANG_WARN_ENUM_CONVERSION = YES;
				CLANG_WARN_INFINITE_RECURSION = YES;
				CLANG_WARN_INT_CONVERSION = YES;
				CLANG_WARN_NON_LITERAL_NULL_CONVERSION = YES;
				CLANG_WARN_OBJC_IMPLICIT_RETAIN_SELF = YES;
				CLANG_WARN_OBJC_LITERAL_CONVERSION = YES;
				CLANG_WARN_OBJC_ROOT_CLASS = YES_ERROR;
				CLANG_WARN_QUOTED_INCLUDE_IN_FRAMEWORK_HEADER = YES;
				CLANG_WARN_RANGE_LOOP_ANALYSIS = YES;
				CLANG_WARN_STRICT_PROTOTYPES = YES;
				CLANG_WARN_SUSPICIOUS_MOVE = YES;
				CLANG_WARN_UNGUARDED_AVAILABILITY = YES_AGGRESSIVE;
				CLANG_WARN_UNREACHABLE_CODE = YES;
				CLANG_WARN__DUPLICATE_METHOD_MATCH = YES;
				COPY_PHASE_STRIP = NO;
				DEBUG_INFORMATION_FORMAT = "dwarf-with-dsym";
				ENABLE_NS_ASSERTIONS = NO;
				ENABLE_STRICT_OBJC_MSGSEND = YES;
				GCC_C_LANGUAGE_STANDARD = gnu11;
				GCC_NO_COMMON_BLOCKS = YES;
				GCC_PREPROCESSOR_DEFINITIONS = "";
				GCC_WARN_64_TO_32_BIT_CONVERSION = YES;
				GCC_WARN_ABOUT_RETURN_TYPE = YES_ERROR;
				GCC_WARN_UNDECLARED_SELECTOR = YES;
				GCC_WARN_UNINITIALIZED_AUTOS = YES_AGGRESSIVE;
				GCC_WARN_UNUSED_FUNCTION = YES;
				GCC_WARN_UNUSED_VARIABLE = YES;
				IPHONEOS_DEPLOYMENT_TARGET = 13.0;
				MTL_ENABLE_DEBUG_INFO = NO;
				MTL_FAST_MATH = YES;
				SDKROOT = iphoneos;
				SWIFT_ACTIVE_COMPILATION_CONDITIONS = RELEASE;
				SWIFT_COMPILATION_MODE = wholemodule;
				SWIFT_OPTIMIZATION_LEVEL = "-O";
				SWIFT_VERSION = 4.0;
				VALIDATE_PRODUCT = YES;
			};
			name = Release;
		};
		7870A0EF26C4D7E1003C0EB8 /* Debug */ = {
			isa = XCBuildConfiguration;
			buildSettings = {
				ASSETCATALOG_COMPILER_APPICON_NAME = AppIcon;
				ASSETCATALOG_COMPILER_GLOBAL_ACCENT_COLOR_NAME = AccentColor;
				CODE_SIGN_STYLE = Manual;
				DEVELOPMENT_ASSET_PATHS = "\"github_repo_search_iOS_app/Preview Content\"";
				DEVELOPMENT_TEAM = "";
				DISPLAY_NAME = DebugGithubRepoSearchiOS;
				ENABLE_PREVIEWS = YES;
				INFOPLIST_FILE = github_repo_search_iOS_app/AppCOnfig/Info.plist;
				IPHONEOS_DEPLOYMENT_TARGET = 13.0;
				LD_RUNPATH_SEARCH_PATHS = (
					"$(inherited)",
					"@executable_path/Frameworks",
				);
				PRODUCT_BUNDLE_IDENTIFIER = "dinakar.app.github-repo-search-iOS-app.debug";
				PRODUCT_NAME = "$(TARGET_NAME)";
				PROVISIONING_PROFILE_SPECIFIER = "";
				SWIFT_VERSION = 5.0;
				TARGETED_DEVICE_FAMILY = "1,2";
			};
			name = Debug;
		};
		7870A0F026C4D7E1003C0EB8 /* Release */ = {
			isa = XCBuildConfiguration;
			buildSettings = {
				ASSETCATALOG_COMPILER_APPICON_NAME = AppIcon;
				ASSETCATALOG_COMPILER_GLOBAL_ACCENT_COLOR_NAME = AccentColor;
				CODE_SIGN_STYLE = Manual;
				DEVELOPMENT_ASSET_PATHS = "\"github_repo_search_iOS_app/Preview Content\"";
				DEVELOPMENT_TEAM = "";
				DISPLAY_NAME = GithubRepoSearchiOS;
				ENABLE_PREVIEWS = YES;
				INFOPLIST_FILE = github_repo_search_iOS_app/AppCOnfig/Info.plist;
				IPHONEOS_DEPLOYMENT_TARGET = 13.0;
				LD_RUNPATH_SEARCH_PATHS = (
					"$(inherited)",
					"@executable_path/Frameworks",
				);
				PRODUCT_BUNDLE_IDENTIFIER = "dinakar.app.github-repo-search-iOS-app";
				PRODUCT_NAME = "$(TARGET_NAME)";
				PROVISIONING_PROFILE_SPECIFIER = "";
				SWIFT_VERSION = 5.0;
				TARGETED_DEVICE_FAMILY = "1,2";
			};
			name = Release;
		};
		7870A0F226C4D7E1003C0EB8 /* Debug */ = {
			isa = XCBuildConfiguration;
			buildSettings = {
				ALWAYS_EMBED_SWIFT_STANDARD_LIBRARIES = YES;
				BUNDLE_LOADER = "$(TEST_HOST)";
				CODE_SIGN_STYLE = Automatic;
				INFOPLIST_FILE = github_repo_search_iOS_appTests/Info.plist;
				IPHONEOS_DEPLOYMENT_TARGET = 14.0;
				LD_RUNPATH_SEARCH_PATHS = (
					"$(inherited)",
					"@executable_path/Frameworks",
					"@loader_path/Frameworks",
				);
				PRODUCT_BUNDLE_IDENTIFIER = "dinakar.app.github-repo-search-iOS-appTests";
				PRODUCT_NAME = "$(TARGET_NAME)";
				SWIFT_VERSION = 5.0;
				TARGETED_DEVICE_FAMILY = "1,2";
				TEST_HOST = "$(BUILT_PRODUCTS_DIR)/github_repo_search_iOS_app.app/github_repo_search_iOS_app";
			};
			name = Debug;
		};
		7870A0F326C4D7E1003C0EB8 /* Release */ = {
			isa = XCBuildConfiguration;
			buildSettings = {
				ALWAYS_EMBED_SWIFT_STANDARD_LIBRARIES = YES;
				BUNDLE_LOADER = "$(TEST_HOST)";
				CODE_SIGN_STYLE = Automatic;
				INFOPLIST_FILE = github_repo_search_iOS_appTests/Info.plist;
				IPHONEOS_DEPLOYMENT_TARGET = 14.0;
				LD_RUNPATH_SEARCH_PATHS = (
					"$(inherited)",
					"@executable_path/Frameworks",
					"@loader_path/Frameworks",
				);
				PRODUCT_BUNDLE_IDENTIFIER = "dinakar.app.github-repo-search-iOS-appTests";
				PRODUCT_NAME = "$(TARGET_NAME)";
				SWIFT_VERSION = 5.0;
				TARGETED_DEVICE_FAMILY = "1,2";
				TEST_HOST = "$(BUILT_PRODUCTS_DIR)/github_repo_search_iOS_app.app/github_repo_search_iOS_app";
			};
			name = Release;
		};
		7870A0F526C4D7E1003C0EB8 /* Debug */ = {
			isa = XCBuildConfiguration;
			buildSettings = {
				ALWAYS_EMBED_SWIFT_STANDARD_LIBRARIES = YES;
				CODE_SIGN_STYLE = Automatic;
				INFOPLIST_FILE = github_repo_search_iOS_appUITests/Info.plist;
				LD_RUNPATH_SEARCH_PATHS = (
					"$(inherited)",
					"@executable_path/Frameworks",
					"@loader_path/Frameworks",
				);
				PRODUCT_BUNDLE_IDENTIFIER = "dinakar.app.github-repo-search-iOS-appUITests";
				PRODUCT_NAME = "$(TARGET_NAME)";
				SWIFT_VERSION = 5.0;
				TARGETED_DEVICE_FAMILY = "1,2";
				TEST_TARGET_NAME = github_repo_search_iOS_app;
			};
			name = Debug;
		};
		7870A0F626C4D7E1003C0EB8 /* Release */ = {
			isa = XCBuildConfiguration;
			buildSettings = {
				ALWAYS_EMBED_SWIFT_STANDARD_LIBRARIES = YES;
				CODE_SIGN_STYLE = Automatic;
				INFOPLIST_FILE = github_repo_search_iOS_appUITests/Info.plist;
				LD_RUNPATH_SEARCH_PATHS = (
					"$(inherited)",
					"@executable_path/Frameworks",
					"@loader_path/Frameworks",
				);
				PRODUCT_BUNDLE_IDENTIFIER = "dinakar.app.github-repo-search-iOS-appUITests";
				PRODUCT_NAME = "$(TARGET_NAME)";
				SWIFT_VERSION = 5.0;
				TARGETED_DEVICE_FAMILY = "1,2";
				TEST_TARGET_NAME = github_repo_search_iOS_app;
			};
			name = Release;
		};
		7870A12A26C4E41C003C0EB8 /* Inhouse */ = {
			isa = XCBuildConfiguration;
			buildSettings = {
				ALWAYS_SEARCH_USER_PATHS = NO;
				CLANG_ANALYZER_NONNULL = YES;
				CLANG_ANALYZER_NUMBER_OBJECT_CONVERSION = YES_AGGRESSIVE;
				CLANG_CXX_LANGUAGE_STANDARD = "gnu++14";
				CLANG_CXX_LIBRARY = "libc++";
				CLANG_ENABLE_MODULES = YES;
				CLANG_ENABLE_OBJC_ARC = YES;
				CLANG_ENABLE_OBJC_WEAK = YES;
				CLANG_WARN_BLOCK_CAPTURE_AUTORELEASING = YES;
				CLANG_WARN_BOOL_CONVERSION = YES;
				CLANG_WARN_COMMA = YES;
				CLANG_WARN_CONSTANT_CONVERSION = YES;
				CLANG_WARN_DEPRECATED_OBJC_IMPLEMENTATIONS = YES;
				CLANG_WARN_DIRECT_OBJC_ISA_USAGE = YES_ERROR;
				CLANG_WARN_DOCUMENTATION_COMMENTS = YES;
				CLANG_WARN_EMPTY_BODY = YES;
				CLANG_WARN_ENUM_CONVERSION = YES;
				CLANG_WARN_INFINITE_RECURSION = YES;
				CLANG_WARN_INT_CONVERSION = YES;
				CLANG_WARN_NON_LITERAL_NULL_CONVERSION = YES;
				CLANG_WARN_OBJC_IMPLICIT_RETAIN_SELF = YES;
				CLANG_WARN_OBJC_LITERAL_CONVERSION = YES;
				CLANG_WARN_OBJC_ROOT_CLASS = YES_ERROR;
				CLANG_WARN_QUOTED_INCLUDE_IN_FRAMEWORK_HEADER = YES;
				CLANG_WARN_RANGE_LOOP_ANALYSIS = YES;
				CLANG_WARN_STRICT_PROTOTYPES = YES;
				CLANG_WARN_SUSPICIOUS_MOVE = YES;
				CLANG_WARN_UNGUARDED_AVAILABILITY = YES_AGGRESSIVE;
				CLANG_WARN_UNREACHABLE_CODE = YES;
				CLANG_WARN__DUPLICATE_METHOD_MATCH = YES;
				COPY_PHASE_STRIP = NO;
				DEBUG_INFORMATION_FORMAT = "dwarf-with-dsym";
				ENABLE_NS_ASSERTIONS = NO;
				ENABLE_STRICT_OBJC_MSGSEND = YES;
				GCC_C_LANGUAGE_STANDARD = gnu11;
				GCC_NO_COMMON_BLOCKS = YES;
				GCC_PREPROCESSOR_DEFINITIONS = "";
				GCC_WARN_64_TO_32_BIT_CONVERSION = YES;
				GCC_WARN_ABOUT_RETURN_TYPE = YES_ERROR;
				GCC_WARN_UNDECLARED_SELECTOR = YES;
				GCC_WARN_UNINITIALIZED_AUTOS = YES_AGGRESSIVE;
				GCC_WARN_UNUSED_FUNCTION = YES;
				GCC_WARN_UNUSED_VARIABLE = YES;
				IPHONEOS_DEPLOYMENT_TARGET = 13.0;
				MTL_ENABLE_DEBUG_INFO = NO;
				MTL_FAST_MATH = YES;
				SDKROOT = iphoneos;
				SWIFT_ACTIVE_COMPILATION_CONDITIONS = INHOUSE;
				SWIFT_COMPILATION_MODE = wholemodule;
				SWIFT_OPTIMIZATION_LEVEL = "-O";
				SWIFT_VERSION = 4.0;
				VALIDATE_PRODUCT = YES;
			};
			name = Inhouse;
		};
		7870A12B26C4E41C003C0EB8 /* Inhouse */ = {
			isa = XCBuildConfiguration;
			buildSettings = {
				ASSETCATALOG_COMPILER_APPICON_NAME = AppIcon;
				ASSETCATALOG_COMPILER_GLOBAL_ACCENT_COLOR_NAME = AccentColor;
				CODE_SIGN_STYLE = Manual;
				DEVELOPMENT_ASSET_PATHS = "\"github_repo_search_iOS_app/Preview Content\"";
				DEVELOPMENT_TEAM = "";
				DISPLAY_NAME = InhouseGithubRepoSearchiOS;
				ENABLE_PREVIEWS = YES;
				INFOPLIST_FILE = github_repo_search_iOS_app/AppCOnfig/Info.plist;
				IPHONEOS_DEPLOYMENT_TARGET = 13.0;
				LD_RUNPATH_SEARCH_PATHS = (
					"$(inherited)",
					"@executable_path/Frameworks",
				);
				PRODUCT_BUNDLE_IDENTIFIER = "dinakar.app.github-repo-search-iOS-app.inhouse";
				PRODUCT_NAME = "$(TARGET_NAME)";
				PROVISIONING_PROFILE_SPECIFIER = "";
				SWIFT_VERSION = 5.0;
				TARGETED_DEVICE_FAMILY = "1,2";
			};
			name = Inhouse;
		};
		7870A12C26C4E41C003C0EB8 /* Inhouse */ = {
			isa = XCBuildConfiguration;
			buildSettings = {
				ALWAYS_EMBED_SWIFT_STANDARD_LIBRARIES = YES;
				BUNDLE_LOADER = "$(TEST_HOST)";
				CODE_SIGN_STYLE = Automatic;
				INFOPLIST_FILE = github_repo_search_iOS_appTests/Info.plist;
				IPHONEOS_DEPLOYMENT_TARGET = 14.0;
				LD_RUNPATH_SEARCH_PATHS = (
					"$(inherited)",
					"@executable_path/Frameworks",
					"@loader_path/Frameworks",
				);
				PRODUCT_BUNDLE_IDENTIFIER = "dinakar.app.github-repo-search-iOS-appTests";
				PRODUCT_NAME = "$(TARGET_NAME)";
				SWIFT_VERSION = 5.0;
				TARGETED_DEVICE_FAMILY = "1,2";
				TEST_HOST = "$(BUILT_PRODUCTS_DIR)/github_repo_search_iOS_app.app/github_repo_search_iOS_app";
			};
			name = Inhouse;
		};
		7870A12D26C4E41C003C0EB8 /* Inhouse */ = {
			isa = XCBuildConfiguration;
			buildSettings = {
				ALWAYS_EMBED_SWIFT_STANDARD_LIBRARIES = YES;
				CODE_SIGN_STYLE = Automatic;
				INFOPLIST_FILE = github_repo_search_iOS_appUITests/Info.plist;
				LD_RUNPATH_SEARCH_PATHS = (
					"$(inherited)",
					"@executable_path/Frameworks",
					"@loader_path/Frameworks",
				);
				PRODUCT_BUNDLE_IDENTIFIER = "dinakar.app.github-repo-search-iOS-appUITests";
				PRODUCT_NAME = "$(TARGET_NAME)";
				SWIFT_VERSION = 5.0;
				TARGETED_DEVICE_FAMILY = "1,2";
				TEST_TARGET_NAME = github_repo_search_iOS_app;
			};
			name = Inhouse;
		};
/* End XCBuildConfiguration section */

/* Begin XCConfigurationList section */
		7870A0C426C4D7E0003C0EB8 /* Build configuration list for PBXProject "github_repo_search_iOS_app" */ = {
			isa = XCConfigurationList;
			buildConfigurations = (
				7870A0EC26C4D7E1003C0EB8 /* Debug */,
				7870A0ED26C4D7E1003C0EB8 /* Release */,
				7870A12A26C4E41C003C0EB8 /* Inhouse */,
			);
			defaultConfigurationIsVisible = 0;
			defaultConfigurationName = Debug;
		};
		7870A0EE26C4D7E1003C0EB8 /* Build configuration list for PBXNativeTarget "github_repo_search_iOS_app" */ = {
			isa = XCConfigurationList;
			buildConfigurations = (
				7870A0EF26C4D7E1003C0EB8 /* Debug */,
				7870A0F026C4D7E1003C0EB8 /* Release */,
				7870A12B26C4E41C003C0EB8 /* Inhouse */,
			);
			defaultConfigurationIsVisible = 0;
			defaultConfigurationName = Debug;
		};
		7870A0F126C4D7E1003C0EB8 /* Build configuration list for PBXNativeTarget "github_repo_search_iOS_appTests" */ = {
			isa = XCConfigurationList;
			buildConfigurations = (
				7870A0F226C4D7E1003C0EB8 /* Debug */,
				7870A0F326C4D7E1003C0EB8 /* Release */,
				7870A12C26C4E41C003C0EB8 /* Inhouse */,
			);
			defaultConfigurationIsVisible = 0;
			defaultConfigurationName = Debug;
		};
		7870A0F426C4D7E1003C0EB8 /* Build configuration list for PBXNativeTarget "github_repo_search_iOS_appUITests" */ = {
			isa = XCConfigurationList;
			buildConfigurations = (
				7870A0F526C4D7E1003C0EB8 /* Debug */,
				7870A0F626C4D7E1003C0EB8 /* Release */,
				7870A12D26C4E41C003C0EB8 /* Inhouse */,
			);
			defaultConfigurationIsVisible = 0;
			defaultConfigurationName = Debug;
		};
/* End XCConfigurationList section */
	};
	rootObject = 7870A0C126C4D7E0003C0EB8 /* Project object */;
}
